
Microsoft Visual Studio Solution File, Format Version 12.00
# Visual Studio 2013
VisualStudioVersion = 12.0.31101.0
MinimumVisualStudioVersion = 10.0.40219.1
Project("{FAE04EC0-301F-11D3-BF4B-00C04F79EFBC}") = "CsharpHat", "CsharpHat\CsharpHat.csproj", "{9252FB5E-4A53-4AF9-BB52-A32F5229A6B2}"
EndProject
Project("{FAE04EC0-301F-11D3-BF4B-00C04F79EFBC}") = "CsharpHat.iOS", "CsharpHat.iOS\CsharpHat.iOS.csproj", "{E1B1179E-A15E-4CE3-ABCD-C2877BAB9F0B}"
EndProject
Project("{FAE04EC0-301F-11D3-BF4B-00C04F79EFBC}") = "CsharpHat.Droid", "CsharpHat.Droid\CsharpHat.Droid.csproj", "{FC684314-35F9-4755-8CED-F61962A74D59}"
EndProject
Global
	GlobalSection(SolutionConfigurationPlatforms) = preSolution
		Ad-Hoc|Any CPU = Ad-Hoc|Any CPU
		Ad-Hoc|iPhone = Ad-Hoc|iPhone
		Ad-Hoc|iPhoneSimulator = Ad-Hoc|iPhoneSimulator
		Ad-Hoc|Mixed Platforms = Ad-Hoc|Mixed Platforms
		AppStore|Any CPU = AppStore|Any CPU
		AppStore|iPhone = AppStore|iPhone
		AppStore|iPhoneSimulator = AppStore|iPhoneSimulator
		AppStore|Mixed Platforms = AppStore|Mixed Platforms
		Debug|Any CPU = Debug|Any CPU
		Debug|iPhone = Debug|iPhone
		Debug|iPhoneSimulator = Debug|iPhoneSimulator
		Debug|Mixed Platforms = Debug|Mixed Platforms
		Release|Any CPU = Release|Any CPU
		Release|iPhone = Release|iPhone
		Release|iPhoneSimulator = Release|iPhoneSimulator
		Release|Mixed Platforms = Release|Mixed Platforms
	EndGlobalSection
	GlobalSection(ProjectConfigurationPlatforms) = postSolution
		{9252FB5E-4A53-4AF9-BB52-A32F5229A6B2}.Ad-Hoc|Any CPU.ActiveCfg = Release|Any CPU
		{9252FB5E-4A53-4AF9-BB52-A32F5229A6B2}.Ad-Hoc|Any CPU.Build.0 = Release|Any CPU
		{9252FB5E-4A53-4AF9-BB52-A32F5229A6B2}.Ad-Hoc|iPhone.ActiveCfg = Release|Any CPU
		{9252FB5E-4A53-4AF9-BB52-A32F5229A6B2}.Ad-Hoc|iPhoneSimulator.ActiveCfg = Release|Any CPU
		{9252FB5E-4A53-4AF9-BB52-A32F5229A6B2}.Ad-Hoc|Mixed Platforms.ActiveCfg = Release|Any CPU
		{9252FB5E-4A53-4AF9-BB52-A32F5229A6B2}.Ad-Hoc|Mixed Platforms.Build.0 = Release|Any CPU
		{9252FB5E-4A53-4AF9-BB52-A32F5229A6B2}.AppStore|Any CPU.ActiveCfg = Release|Any CPU
		{9252FB5E-4A53-4AF9-BB52-A32F5229A6B2}.AppStore|Any CPU.Build.0 = Release|Any CPU
		{9252FB5E-4A53-4AF9-BB52-A32F5229A6B2}.AppStore|iPhone.ActiveCfg = Release|Any CPU
		{9252FB5E-4A53-4AF9-BB52-A32F5229A6B2}.AppStore|iPhoneSimulator.ActiveCfg = Release|Any CPU
		{9252FB5E-4A53-4AF9-BB52-A32F5229A6B2}.AppStore|Mixed Platforms.ActiveCfg = Release|Any CPU
		{9252FB5E-4A53-4AF9-BB52-A32F5229A6B2}.AppStore|Mixed Platforms.Build.0 = Release|Any CPU
		{9252FB5E-4A53-4AF9-BB52-A32F5229A6B2}.Debug|Any CPU.ActiveCfg = Debug|Any CPU
		{9252FB5E-4A53-4AF9-BB52-A32F5229A6B2}.Debug|Any CPU.Build.0 = Debug|Any CPU
		{9252FB5E-4A53-4AF9-BB52-A32F5229A6B2}.Debug|iPhone.ActiveCfg = Debug|Any CPU
		{9252FB5E-4A53-4AF9-BB52-A32F5229A6B2}.Debug|iPhoneSimulator.ActiveCfg = Debug|Any CPU
		{9252FB5E-4A53-4AF9-BB52-A32F5229A6B2}.Debug|Mixed Platforms.ActiveCfg = Debug|Any CPU
		{9252FB5E-4A53-4AF9-BB52-A32F5229A6B2}.Debug|Mixed Platforms.Build.0 = Debug|Any CPU
		{9252FB5E-4A53-4AF9-BB52-A32F5229A6B2}.Release|Any CPU.ActiveCfg = Release|Any CPU
		{9252FB5E-4A53-4AF9-BB52-A32F5229A6B2}.Release|Any CPU.Build.0 = Release|Any CPU
		{9252FB5E-4A53-4AF9-BB52-A32F5229A6B2}.Release|iPhone.ActiveCfg = Release|Any CPU
		{9252FB5E-4A53-4AF9-BB52-A32F5229A6B2}.Release|iPhoneSimulator.ActiveCfg = Release|Any CPU
		{9252FB5E-4A53-4AF9-BB52-A32F5229A6B2}.Release|Mixed Platforms.ActiveCfg = Release|Any CPU
		{9252FB5E-4A53-4AF9-BB52-A32F5229A6B2}.Release|Mixed Platforms.Build.0 = Release|Any CPU
		{E1B1179E-A15E-4CE3-ABCD-C2877BAB9F0B}.Ad-Hoc|Any CPU.ActiveCfg = Ad-Hoc|iPhone
		{E1B1179E-A15E-4CE3-ABCD-C2877BAB9F0B}.Ad-Hoc|iPhone.ActiveCfg = Ad-Hoc|iPhone
		{E1B1179E-A15E-4CE3-ABCD-C2877BAB9F0B}.Ad-Hoc|iPhone.Build.0 = Ad-Hoc|iPhone
		{E1B1179E-A15E-4CE3-ABCD-C2877BAB9F0B}.Ad-Hoc|iPhoneSimulator.ActiveCfg = Ad-Hoc|iPhoneSimulator
		{E1B1179E-A15E-4CE3-ABCD-C2877BAB9F0B}.Ad-Hoc|iPhoneSimulator.Build.0 = Ad-Hoc|iPhoneSimulator
		{E1B1179E-A15E-4CE3-ABCD-C2877BAB9F0B}.Ad-Hoc|Mixed Platforms.ActiveCfg = Ad-Hoc|iPhone
		{E1B1179E-A15E-4CE3-ABCD-C2877BAB9F0B}.Ad-Hoc|Mixed Platforms.Build.0 = Ad-Hoc|iPhone
		{E1B1179E-A15E-4CE3-ABCD-C2877BAB9F0B}.AppStore|Any CPU.ActiveCfg = AppStore|iPhone
		{E1B1179E-A15E-4CE3-ABCD-C2877BAB9F0B}.AppStore|iPhone.ActiveCfg = AppStore|iPhone
		{E1B1179E-A15E-4CE3-ABCD-C2877BAB9F0B}.AppStore|iPhone.Build.0 = AppStore|iPhone
		{E1B1179E-A15E-4CE3-ABCD-C2877BAB9F0B}.AppStore|iPhoneSimulator.ActiveCfg = AppStore|iPhoneSimulator
		{E1B1179E-A15E-4CE3-ABCD-C2877BAB9F0B}.AppStore|iPhoneSimulator.Build.0 = AppStore|iPhoneSimulator
		{E1B1179E-A15E-4CE3-ABCD-C2877BAB9F0B}.AppStore|Mixed Platforms.ActiveCfg = AppStore|iPhone
		{E1B1179E-A15E-4CE3-ABCD-C2877BAB9F0B}.AppStore|Mixed Platforms.Build.0 = AppStore|iPhone
		{E1B1179E-A15E-4CE3-ABCD-C2877BAB9F0B}.Debug|Any CPU.ActiveCfg = Debug|iPhone
		{E1B1179E-A15E-4CE3-ABCD-C2877BAB9F0B}.Debug|iPhone.ActiveCfg = Debug|iPhone
		{E1B1179E-A15E-4CE3-ABCD-C2877BAB9F0B}.Debug|iPhone.Build.0 = Debug|iPhone
		{E1B1179E-A15E-4CE3-ABCD-C2877BAB9F0B}.Debug|iPhoneSimulator.ActiveCfg = Debug|iPhoneSimulator
		{E1B1179E-A15E-4CE3-ABCD-C2877BAB9F0B}.Debug|iPhoneSimulator.Build.0 = Debug|iPhoneSimulator
		{E1B1179E-A15E-4CE3-ABCD-C2877BAB9F0B}.Debug|Mixed Platforms.ActiveCfg = Debug|iPhone
		{E1B1179E-A15E-4CE3-ABCD-C2877BAB9F0B}.Debug|Mixed Platforms.Build.0 = Debug|iPhone
		{E1B1179E-A15E-4CE3-ABCD-C2877BAB9F0B}.Release|Any CPU.ActiveCfg = Release|iPhone
		{E1B1179E-A15E-4CE3-ABCD-C2877BAB9F0B}.Release|iPhone.ActiveCfg = Release|iPhone
		{E1B1179E-A15E-4CE3-ABCD-C2877BAB9F0B}.Release|iPhone.Build.0 = Release|iPhone
		{E1B1179E-A15E-4CE3-ABCD-C2877BAB9F0B}.Release|iPhoneSimulator.ActiveCfg = Release|iPhoneSimulator
		{E1B1179E-A15E-4CE3-ABCD-C2877BAB9F0B}.Release|iPhoneSimulator.Build.0 = Release|iPhoneSimulator
		{E1B1179E-A15E-4CE3-ABCD-C2877BAB9F0B}.Release|Mixed Platforms.ActiveCfg = Release|iPhone
		{E1B1179E-A15E-4CE3-ABCD-C2877BAB9F0B}.Release|Mixed Platforms.Build.0 = Release|iPhone
		{FC684314-35F9-4755-8CED-F61962A74D59}.Ad-Hoc|Any CPU.ActiveCfg = Release|Any CPU
		{FC684314-35F9-4755-8CED-F61962A74D59}.Ad-Hoc|Any CPU.Build.0 = Release|Any CPU
		{FC684314-35F9-4755-8CED-F61962A74D59}.Ad-Hoc|Any CPU.Deploy.0 = Release|Any CPU
		{FC684314-35F9-4755-8CED-F61962A74D59}.Ad-Hoc|iPhone.ActiveCfg = Release|Any CPU
		{FC684314-35F9-4755-8CED-F61962A74D59}.Ad-Hoc|iPhoneSimulator.ActiveCfg = Release|Any CPU
		{FC684314-35F9-4755-8CED-F61962A74D59}.Ad-Hoc|Mixed Platforms.ActiveCfg = Release|Any CPU
		{FC684314-35F9-4755-8CED-F61962A74D59}.Ad-Hoc|Mixed Platforms.Build.0 = Release|Any CPU
		{FC684314-35F9-4755-8CED-F61962A74D59}.Ad-Hoc|Mixed Platforms.Deploy.0 = Release|Any CPU
		{FC684314-35F9-4755-8CED-F61962A74D59}.AppStore|Any CPU.ActiveCfg = Release|Any CPU
		{FC684314-35F9-4755-8CED-F61962A74D59}.AppStore|Any CPU.Build.0 = Release|Any CPU
		{FC684314-35F9-4755-8CED-F61962A74D59}.AppStore|Any CPU.Deploy.0 = Release|Any CPU
		{FC684314-35F9-4755-8CED-F61962A74D59}.AppStore|iPhone.ActiveCfg = Release|Any CPU
		{FC684314-35F9-4755-8CED-F61962A74D59}.AppStore|iPhoneSimulator.ActiveCfg = Release|Any CPU
		{FC684314-35F9-4755-8CED-F61962A74D59}.AppStore|Mixed Platforms.ActiveCfg = Release|Any CPU
		{FC684314-35F9-4755-8CED-F61962A74D59}.AppStore|Mixed Platforms.Build.0 = Release|Any CPU
		{FC684314-35F9-4755-8CED-F61962A74D59}.AppStore|Mixed Platforms.Deploy.0 = Release|Any CPU
		{FC684314-35F9-4755-8CED-F61962A74D59}.Debug|Any CPU.ActiveCfg = Debug|Any CPU
		{FC684314-35F9-4755-8CED-F61962A74D59}.Debug|Any CPU.Build.0 = Debug|Any CPU
		{FC684314-35F9-4755-8CED-F61962A74D59}.Debug|Any CPU.Deploy.0 = Debug|Any CPU
		{FC684314-35F9-4755-8CED-F61962A74D59}.Debug|iPhone.ActiveCfg = Debug|Any CPU
		{FC684314-35F9-4755-8CED-F61962A74D59}.Debug|iPhoneSimulator.ActiveCfg = Debug|Any CPU
		{FC684314-35F9-4755-8CED-F61962A74D59}.Debug|Mixed Platforms.ActiveCfg = Debug|Any CPU
		{FC684314-35F9-4755-8CED-F61962A74D59}.Debug|Mixed Platforms.Build.0 = Debug|Any CPU
		{FC684314-35F9-4755-8CED-F61962A74D59}.Debug|Mixed Platforms.Deploy.0 = Debug|Any CPU
		{FC684314-35F9-4755-8CED-F61962A74D59}.Release|Any CPU.ActiveCfg = Release|Any CPU
		{FC684314-35F9-4755-8CED-F61962A74D59}.Release|Any CPU.Build.0 = Release|Any CPU
		{FC684314-35F9-4755-8CED-F61962A74D59}.Release|Any CPU.Deploy.0 = Release|Any CPU
		{FC684314-35F9-4755-8CED-F61962A74D59}.Release|iPhone.ActiveCfg = Release|Any CPU
		{FC684314-35F9-4755-8CED-F61962A74D59}.Release|iPhoneSimulator.ActiveCfg = Release|Any CPU
		{FC684314-35F9-4755-8CED-F61962A74D59}.Release|Mixed Platforms.ActiveCfg = Release|Any CPU
		{FC684314-35F9-4755-8CED-F61962A74D59}.Release|Mixed Platforms.Build.0 = Release|Any CPU
		{FC684314-35F9-4755-8CED-F61962A74D59}.Release|Mixed Platforms.Deploy.0 = Release|Any CPU
	EndGlobalSection
	GlobalSection(SolutionProperties) = preSolution
		HideSolutionNode = FALSE
	EndGlobalSection
EndGlobal
